
Microsoft Visual Studio Solution File, Format Version 12.00
# Visual Studio 15
VisualStudioVersion = 15.0.27703.2000
MinimumVisualStudioVersion = 10.0.40219.1
Project("{FAE04EC0-301F-11D3-BF4B-00C04F79EFBC}") = "BikeTest", "BikeTest\BikeTest.csproj", "{30D01FC1-9D04-43D1-9F4E-333EC588C1BA}"
EndProject
Global
	GlobalSection(SolutionConfigurationPlatforms) = preSolution
		Debug|Any CPU = Debug|Any CPU
		Release|Any CPU = Release|Any CPU
	EndGlobalSection
	GlobalSection(ProjectConfigurationPlatforms) = postSolution
		{30D01FC1-9D04-43D1-9F4E-333EC588C1BA}.Debug|Any CPU.ActiveCfg = Debug|Any CPU
		{30D01FC1-9D04-43D1-9F4E-333EC588C1BA}.Debug|Any CPU.Build.0 = Debug|Any CPU
		{30D01FC1-9D04-43D1-9F4E-333EC588C1BA}.Release|Any CPU.ActiveCfg = Release|Any CPU
		{30D01FC1-9D04-43D1-9F4E-333EC588C1BA}.Release|Any CPU.Build.0 = Release|Any CPU
	EndGlobalSection
	GlobalSection(SolutionProperties) = preSolution
		HideSolutionNode = FALSE
	EndGlobalSection
	GlobalSection(ExtensibilityGlobals) = postSolution
		SolutionGuid = {400A6640-8C90-413D-ACE6-B26DE477317B}
	EndGlobalSection
EndGlobal
